
Microsoft Visual Studio Solution File, Format Version 12.00
# Visual Studio Version 17
VisualStudioVersion = 17.4.33205.214
MinimumVisualStudioVersion = 10.0.40219.1
Project("{FAE04EC0-301F-11D3-BF4B-00C04F79EFBC}") = "OddEvenNumbers", "OddEvenNumbers\OddEvenNumbers.csproj", "{C4BC04F5-ABC4-421D-97BB-676CBE7D1920}"
EndProject
Project("{FAE04EC0-301F-11D3-BF4B-00C04F79EFBC}") = "MaxMinNumber", "MaxMinNumber\MaxMinNumber.csproj", "{AB04B17B-A442-40D4-8186-C6C33A697636}"
EndProject
Project("{FAE04EC0-301F-11D3-BF4B-00C04F79EFBC}") = "LinearSearch", "LinearSearch\LinearSearch.csproj", "{CC329A68-D312-4B14-B5C2-B7C1095E92F0}"
EndProject
Project("{FAE04EC0-301F-11D3-BF4B-00C04F79EFBC}") = "BinarySearch", "BinarySearch\BinarySearch.csproj", "{98FFD228-DEAC-448C-8206-0DDABFC78234}"
EndProject
Project("{FAE04EC0-301F-11D3-BF4B-00C04F79EFBC}") = "InsertionSort", "InsertionSort\InsertionSort.csproj", "{97E863A1-FECA-4971-8BC9-41DC7B241DCE}"
EndProject
Project("{FAE04EC0-301F-11D3-BF4B-00C04F79EFBC}") = "Fibonacci", "Fibonacci\Fibonacci.csproj", "{5C8C92BA-1B80-4E9B-A284-90EEEE53E155}"
EndProject
Project("{FAE04EC0-301F-11D3-BF4B-00C04F79EFBC}") = "PrimeNumber", "PrimeNumber\PrimeNumber.csproj", "{B4ACC98B-9674-4BB0-873B-23F0FA91FDED}"
EndProject
Project("{FAE04EC0-301F-11D3-BF4B-00C04F79EFBC}") = "BubbleSort", "BubbleSort\BubbleSort.csproj", "{64D37FA2-EA47-408E-B8B4-CDC812FCCFBE}"
EndProject
Project("{FAE04EC0-301F-11D3-BF4B-00C04F79EFBC}") = "SumOfOddNumbers", "SumOfOddNumbers\SumOfOddNumbers.csproj", "{AA72D336-673C-45FC-B4B9-EBD144F1B7AF}"
EndProject
Project("{FAE04EC0-301F-11D3-BF4B-00C04F79EFBC}") = "Hackerrank-1", "Hackerrank-1\Hackerrank-1.csproj", "{A4881AC9-148E-4297-AA0F-EBAD55D62D03}"
EndProject
Project("{FAE04EC0-301F-11D3-BF4B-00C04F79EFBC}") = "Hackerrank-2", "Hackerrank-2\Hackerrank-2.csproj", "{56C7DF40-A9F5-45C1-9086-E85D48348B40}"
EndProject
Project("{FAE04EC0-301F-11D3-BF4B-00C04F79EFBC}") = "Hackerrank-3", "Hackerrank-3\Hackerrank-3.csproj", "{599E6178-3FCF-43A8-94E8-3E26BAA03C1A}"
EndProject
Project("{FAE04EC0-301F-11D3-BF4B-00C04F79EFBC}") = "Hackerrank-4", "Hackerrank-4\Hackerrank-4.csproj", "{1A8D3E5B-BD12-407A-BA9F-CCCB092B7F3F}"
EndProject
Project("{FAE04EC0-301F-11D3-BF4B-00C04F79EFBC}") = "ReversingNumbers", "ReversingNumbers\ReversingNumbers.csproj", "{7B982B6E-6508-48A9-8069-8835C2BC46F4}"
EndProject
Project("{FAE04EC0-301F-11D3-BF4B-00C04F79EFBC}") = "RomanToInteger", "RomanToInteger\RomanToInteger.csproj", "{C4384EB9-2C60-41F7-BE58-5FBE807721D4}"
EndProject
Project("{FAE04EC0-301F-11D3-BF4B-00C04F79EFBC}") = "Longest Common Prefix", "Longest Common Prefix\Longest Common Prefix.csproj", "{8CDA4D5A-D551-4978-BEC3-CE60D6DE5B17}"
EndProject
Project("{FAE04EC0-301F-11D3-BF4B-00C04F79EFBC}") = "Staircase", "Staircase\Staircase.csproj", "{63169520-583E-4722-95AA-A5B490178795}"
EndProject
Project("{FAE04EC0-301F-11D3-BF4B-00C04F79EFBC}") = "TwoSum", "TwoSum\TwoSum.csproj", "{A0573E34-3A9A-489F-8719-E2E7A26117ED}"
EndProject
Project("{FAE04EC0-301F-11D3-BF4B-00C04F79EFBC}") = "ArrangeStrings", "ArrangeStrings\ArrangeStrings.csproj", "{44EC42A3-D429-4819-A1E7-9D412DC51317}"
EndProject
Global
	GlobalSection(SolutionConfigurationPlatforms) = preSolution
		Debug|Any CPU = Debug|Any CPU
		Release|Any CPU = Release|Any CPU
	EndGlobalSection
	GlobalSection(ProjectConfigurationPlatforms) = postSolution
		{C4BC04F5-ABC4-421D-97BB-676CBE7D1920}.Debug|Any CPU.ActiveCfg = Debug|Any CPU
		{C4BC04F5-ABC4-421D-97BB-676CBE7D1920}.Debug|Any CPU.Build.0 = Debug|Any CPU
		{C4BC04F5-ABC4-421D-97BB-676CBE7D1920}.Release|Any CPU.ActiveCfg = Release|Any CPU
		{C4BC04F5-ABC4-421D-97BB-676CBE7D1920}.Release|Any CPU.Build.0 = Release|Any CPU
		{AB04B17B-A442-40D4-8186-C6C33A697636}.Debug|Any CPU.ActiveCfg = Debug|Any CPU
		{AB04B17B-A442-40D4-8186-C6C33A697636}.Debug|Any CPU.Build.0 = Debug|Any CPU
		{AB04B17B-A442-40D4-8186-C6C33A697636}.Release|Any CPU.ActiveCfg = Release|Any CPU
		{AB04B17B-A442-40D4-8186-C6C33A697636}.Release|Any CPU.Build.0 = Release|Any CPU
		{CC329A68-D312-4B14-B5C2-B7C1095E92F0}.Debug|Any CPU.ActiveCfg = Debug|Any CPU
		{CC329A68-D312-4B14-B5C2-B7C1095E92F0}.Debug|Any CPU.Build.0 = Debug|Any CPU
		{CC329A68-D312-4B14-B5C2-B7C1095E92F0}.Release|Any CPU.ActiveCfg = Release|Any CPU
		{CC329A68-D312-4B14-B5C2-B7C1095E92F0}.Release|Any CPU.Build.0 = Release|Any CPU
		{98FFD228-DEAC-448C-8206-0DDABFC78234}.Debug|Any CPU.ActiveCfg = Debug|Any CPU
		{98FFD228-DEAC-448C-8206-0DDABFC78234}.Debug|Any CPU.Build.0 = Debug|Any CPU
		{98FFD228-DEAC-448C-8206-0DDABFC78234}.Release|Any CPU.ActiveCfg = Release|Any CPU
		{98FFD228-DEAC-448C-8206-0DDABFC78234}.Release|Any CPU.Build.0 = Release|Any CPU
		{97E863A1-FECA-4971-8BC9-41DC7B241DCE}.Debug|Any CPU.ActiveCfg = Debug|Any CPU
		{97E863A1-FECA-4971-8BC9-41DC7B241DCE}.Debug|Any CPU.Build.0 = Debug|Any CPU
		{97E863A1-FECA-4971-8BC9-41DC7B241DCE}.Release|Any CPU.ActiveCfg = Release|Any CPU
		{97E863A1-FECA-4971-8BC9-41DC7B241DCE}.Release|Any CPU.Build.0 = Release|Any CPU
		{5C8C92BA-1B80-4E9B-A284-90EEEE53E155}.Debug|Any CPU.ActiveCfg = Debug|Any CPU
		{5C8C92BA-1B80-4E9B-A284-90EEEE53E155}.Debug|Any CPU.Build.0 = Debug|Any CPU
		{5C8C92BA-1B80-4E9B-A284-90EEEE53E155}.Release|Any CPU.ActiveCfg = Release|Any CPU
		{5C8C92BA-1B80-4E9B-A284-90EEEE53E155}.Release|Any CPU.Build.0 = Release|Any CPU
		{B4ACC98B-9674-4BB0-873B-23F0FA91FDED}.Debug|Any CPU.ActiveCfg = Debug|Any CPU
		{B4ACC98B-9674-4BB0-873B-23F0FA91FDED}.Debug|Any CPU.Build.0 = Debug|Any CPU
		{B4ACC98B-9674-4BB0-873B-23F0FA91FDED}.Release|Any CPU.ActiveCfg = Release|Any CPU
		{B4ACC98B-9674-4BB0-873B-23F0FA91FDED}.Release|Any CPU.Build.0 = Release|Any CPU
		{64D37FA2-EA47-408E-B8B4-CDC812FCCFBE}.Debug|Any CPU.ActiveCfg = Debug|Any CPU
		{64D37FA2-EA47-408E-B8B4-CDC812FCCFBE}.Debug|Any CPU.Build.0 = Debug|Any CPU
		{64D37FA2-EA47-408E-B8B4-CDC812FCCFBE}.Release|Any CPU.ActiveCfg = Release|Any CPU
		{64D37FA2-EA47-408E-B8B4-CDC812FCCFBE}.Release|Any CPU.Build.0 = Release|Any CPU
		{AA72D336-673C-45FC-B4B9-EBD144F1B7AF}.Debug|Any CPU.ActiveCfg = Debug|Any CPU
		{AA72D336-673C-45FC-B4B9-EBD144F1B7AF}.Debug|Any CPU.Build.0 = Debug|Any CPU
		{AA72D336-673C-45FC-B4B9-EBD144F1B7AF}.Release|Any CPU.ActiveCfg = Release|Any CPU
		{AA72D336-673C-45FC-B4B9-EBD144F1B7AF}.Release|Any CPU.Build.0 = Release|Any CPU
		{A4881AC9-148E-4297-AA0F-EBAD55D62D03}.Debug|Any CPU.ActiveCfg = Debug|Any CPU
		{A4881AC9-148E-4297-AA0F-EBAD55D62D03}.Debug|Any CPU.Build.0 = Debug|Any CPU
		{A4881AC9-148E-4297-AA0F-EBAD55D62D03}.Release|Any CPU.ActiveCfg = Release|Any CPU
		{A4881AC9-148E-4297-AA0F-EBAD55D62D03}.Release|Any CPU.Build.0 = Release|Any CPU
		{56C7DF40-A9F5-45C1-9086-E85D48348B40}.Debug|Any CPU.ActiveCfg = Debug|Any CPU
		{56C7DF40-A9F5-45C1-9086-E85D48348B40}.Debug|Any CPU.Build.0 = Debug|Any CPU
		{56C7DF40-A9F5-45C1-9086-E85D48348B40}.Release|Any CPU.ActiveCfg = Release|Any CPU
		{56C7DF40-A9F5-45C1-9086-E85D48348B40}.Release|Any CPU.Build.0 = Release|Any CPU
		{599E6178-3FCF-43A8-94E8-3E26BAA03C1A}.Debug|Any CPU.ActiveCfg = Debug|Any CPU
		{599E6178-3FCF-43A8-94E8-3E26BAA03C1A}.Debug|Any CPU.Build.0 = Debug|Any CPU
		{599E6178-3FCF-43A8-94E8-3E26BAA03C1A}.Release|Any CPU.ActiveCfg = Release|Any CPU
		{599E6178-3FCF-43A8-94E8-3E26BAA03C1A}.Release|Any CPU.Build.0 = Release|Any CPU
		{1A8D3E5B-BD12-407A-BA9F-CCCB092B7F3F}.Debug|Any CPU.ActiveCfg = Debug|Any CPU
		{1A8D3E5B-BD12-407A-BA9F-CCCB092B7F3F}.Debug|Any CPU.Build.0 = Debug|Any CPU
		{1A8D3E5B-BD12-407A-BA9F-CCCB092B7F3F}.Release|Any CPU.ActiveCfg = Release|Any CPU
		{1A8D3E5B-BD12-407A-BA9F-CCCB092B7F3F}.Release|Any CPU.Build.0 = Release|Any CPU
		{7B982B6E-6508-48A9-8069-8835C2BC46F4}.Debug|Any CPU.ActiveCfg = Debug|Any CPU
		{7B982B6E-6508-48A9-8069-8835C2BC46F4}.Debug|Any CPU.Build.0 = Debug|Any CPU
		{7B982B6E-6508-48A9-8069-8835C2BC46F4}.Release|Any CPU.ActiveCfg = Release|Any CPU
		{7B982B6E-6508-48A9-8069-8835C2BC46F4}.Release|Any CPU.Build.0 = Release|Any CPU
		{C4384EB9-2C60-41F7-BE58-5FBE807721D4}.Debug|Any CPU.ActiveCfg = Debug|Any CPU
		{C4384EB9-2C60-41F7-BE58-5FBE807721D4}.Debug|Any CPU.Build.0 = Debug|Any CPU
		{C4384EB9-2C60-41F7-BE58-5FBE807721D4}.Release|Any CPU.ActiveCfg = Release|Any CPU
		{C4384EB9-2C60-41F7-BE58-5FBE807721D4}.Release|Any CPU.Build.0 = Release|Any CPU
		{8CDA4D5A-D551-4978-BEC3-CE60D6DE5B17}.Debug|Any CPU.ActiveCfg = Debug|Any CPU
		{8CDA4D5A-D551-4978-BEC3-CE60D6DE5B17}.Debug|Any CPU.Build.0 = Debug|Any CPU
		{8CDA4D5A-D551-4978-BEC3-CE60D6DE5B17}.Release|Any CPU.ActiveCfg = Release|Any CPU
		{8CDA4D5A-D551-4978-BEC3-CE60D6DE5B17}.Release|Any CPU.Build.0 = Release|Any CPU
		{63169520-583E-4722-95AA-A5B490178795}.Debug|Any CPU.ActiveCfg = Debug|Any CPU
		{63169520-583E-4722-95AA-A5B490178795}.Debug|Any CPU.Build.0 = Debug|Any CPU
		{63169520-583E-4722-95AA-A5B490178795}.Release|Any CPU.ActiveCfg = Release|Any CPU
		{63169520-583E-4722-95AA-A5B490178795}.Release|Any CPU.Build.0 = Release|Any CPU
		{A0573E34-3A9A-489F-8719-E2E7A26117ED}.Debug|Any CPU.ActiveCfg = Debug|Any CPU
		{A0573E34-3A9A-489F-8719-E2E7A26117ED}.Debug|Any CPU.Build.0 = Debug|Any CPU
		{A0573E34-3A9A-489F-8719-E2E7A26117ED}.Release|Any CPU.ActiveCfg = Release|Any CPU
		{A0573E34-3A9A-489F-8719-E2E7A26117ED}.Release|Any CPU.Build.0 = Release|Any CPU
		{44EC42A3-D429-4819-A1E7-9D412DC51317}.Debug|Any CPU.ActiveCfg = Debug|Any CPU
		{44EC42A3-D429-4819-A1E7-9D412DC51317}.Debug|Any CPU.Build.0 = Debug|Any CPU
		{44EC42A3-D429-4819-A1E7-9D412DC51317}.Release|Any CPU.ActiveCfg = Release|Any CPU
		{44EC42A3-D429-4819-A1E7-9D412DC51317}.Release|Any CPU.Build.0 = Release|Any CPU
	EndGlobalSection
	GlobalSection(SolutionProperties) = preSolution
		HideSolutionNode = FALSE
	EndGlobalSection
	GlobalSection(ExtensibilityGlobals) = postSolution
		SolutionGuid = {00E05849-841D-4E69-A287-E81C699A211A}
	EndGlobalSection
EndGlobal
