
Microsoft Visual Studio Solution File, Format Version 12.00
# Visual Studio Version 17
VisualStudioVersion = 17.4.33205.214
MinimumVisualStudioVersion = 10.0.40219.1
Project("{FAE04EC0-301F-11D3-BF4B-00C04F79EFBC}") = "OddEvenNumbers", "OddEvenNumbers\OddEvenNumbers.csproj", "{C4BC04F5-ABC4-421D-97BB-676CBE7D1920}"
EndProject
Project("{FAE04EC0-301F-11D3-BF4B-00C04F79EFBC}") = "MaxMinNumber", "MaxMinNumber\MaxMinNumber.csproj", "{AB04B17B-A442-40D4-8186-C6C33A697636}"
EndProject
Project("{FAE04EC0-301F-11D3-BF4B-00C04F79EFBC}") = "LinearSearch", "LinearSearch\LinearSearch.csproj", "{CC329A68-D312-4B14-B5C2-B7C1095E92F0}"
EndProject
Project("{FAE04EC0-301F-11D3-BF4B-00C04F79EFBC}") = "BinarySearch", "BinarySearch\BinarySearch.csproj", "{98FFD228-DEAC-448C-8206-0DDABFC78234}"
EndProject
Project("{FAE04EC0-301F-11D3-BF4B-00C04F79EFBC}") = "InsertionSort", "InsertionSort\InsertionSort.csproj", "{97E863A1-FECA-4971-8BC9-41DC7B241DCE}"
EndProject
Project("{FAE04EC0-301F-11D3-BF4B-00C04F79EFBC}") = "Fibonacci", "Fibonacci\Fibonacci.csproj", "{5C8C92BA-1B80-4E9B-A284-90EEEE53E155}"
EndProject
Project("{FAE04EC0-301F-11D3-BF4B-00C04F79EFBC}") = "PrimeNumber", "PrimeNumber\PrimeNumber.csproj", "{B4ACC98B-9674-4BB0-873B-23F0FA91FDED}"
EndProject
Project("{FAE04EC0-301F-11D3-BF4B-00C04F79EFBC}") = "BubbleSort", "BubbleSort\BubbleSort.csproj", "{64D37FA2-EA47-408E-B8B4-CDC812FCCFBE}"
EndProject
Global
	GlobalSection(SolutionConfigurationPlatforms) = preSolution
		Debug|Any CPU = Debug|Any CPU
		Release|Any CPU = Release|Any CPU
	EndGlobalSection
	GlobalSection(ProjectConfigurationPlatforms) = postSolution
		{C4BC04F5-ABC4-421D-97BB-676CBE7D1920}.Debug|Any CPU.ActiveCfg = Debug|Any CPU
		{C4BC04F5-ABC4-421D-97BB-676CBE7D1920}.Debug|Any CPU.Build.0 = Debug|Any CPU
		{C4BC04F5-ABC4-421D-97BB-676CBE7D1920}.Release|Any CPU.ActiveCfg = Release|Any CPU
		{C4BC04F5-ABC4-421D-97BB-676CBE7D1920}.Release|Any CPU.Build.0 = Release|Any CPU
		{AB04B17B-A442-40D4-8186-C6C33A697636}.Debug|Any CPU.ActiveCfg = Debug|Any CPU
		{AB04B17B-A442-40D4-8186-C6C33A697636}.Debug|Any CPU.Build.0 = Debug|Any CPU
		{AB04B17B-A442-40D4-8186-C6C33A697636}.Release|Any CPU.ActiveCfg = Release|Any CPU
		{AB04B17B-A442-40D4-8186-C6C33A697636}.Release|Any CPU.Build.0 = Release|Any CPU
		{CC329A68-D312-4B14-B5C2-B7C1095E92F0}.Debug|Any CPU.ActiveCfg = Debug|Any CPU
		{CC329A68-D312-4B14-B5C2-B7C1095E92F0}.Debug|Any CPU.Build.0 = Debug|Any CPU
		{CC329A68-D312-4B14-B5C2-B7C1095E92F0}.Release|Any CPU.ActiveCfg = Release|Any CPU
		{CC329A68-D312-4B14-B5C2-B7C1095E92F0}.Release|Any CPU.Build.0 = Release|Any CPU
		{98FFD228-DEAC-448C-8206-0DDABFC78234}.Debug|Any CPU.ActiveCfg = Debug|Any CPU
		{98FFD228-DEAC-448C-8206-0DDABFC78234}.Debug|Any CPU.Build.0 = Debug|Any CPU
		{98FFD228-DEAC-448C-8206-0DDABFC78234}.Release|Any CPU.ActiveCfg = Release|Any CPU
		{98FFD228-DEAC-448C-8206-0DDABFC78234}.Release|Any CPU.Build.0 = Release|Any CPU
		{97E863A1-FECA-4971-8BC9-41DC7B241DCE}.Debug|Any CPU.ActiveCfg = Debug|Any CPU
		{97E863A1-FECA-4971-8BC9-41DC7B241DCE}.Debug|Any CPU.Build.0 = Debug|Any CPU
		{97E863A1-FECA-4971-8BC9-41DC7B241DCE}.Release|Any CPU.ActiveCfg = Release|Any CPU
		{97E863A1-FECA-4971-8BC9-41DC7B241DCE}.Release|Any CPU.Build.0 = Release|Any CPU
		{5C8C92BA-1B80-4E9B-A284-90EEEE53E155}.Debug|Any CPU.ActiveCfg = Debug|Any CPU
		{5C8C92BA-1B80-4E9B-A284-90EEEE53E155}.Debug|Any CPU.Build.0 = Debug|Any CPU
		{5C8C92BA-1B80-4E9B-A284-90EEEE53E155}.Release|Any CPU.ActiveCfg = Release|Any CPU
		{5C8C92BA-1B80-4E9B-A284-90EEEE53E155}.Release|Any CPU.Build.0 = Release|Any CPU
		{B4ACC98B-9674-4BB0-873B-23F0FA91FDED}.Debug|Any CPU.ActiveCfg = Debug|Any CPU
		{B4ACC98B-9674-4BB0-873B-23F0FA91FDED}.Debug|Any CPU.Build.0 = Debug|Any CPU
		{B4ACC98B-9674-4BB0-873B-23F0FA91FDED}.Release|Any CPU.ActiveCfg = Release|Any CPU
		{B4ACC98B-9674-4BB0-873B-23F0FA91FDED}.Release|Any CPU.Build.0 = Release|Any CPU
		{64D37FA2-EA47-408E-B8B4-CDC812FCCFBE}.Debug|Any CPU.ActiveCfg = Debug|Any CPU
		{64D37FA2-EA47-408E-B8B4-CDC812FCCFBE}.Debug|Any CPU.Build.0 = Debug|Any CPU
		{64D37FA2-EA47-408E-B8B4-CDC812FCCFBE}.Release|Any CPU.ActiveCfg = Release|Any CPU
		{64D37FA2-EA47-408E-B8B4-CDC812FCCFBE}.Release|Any CPU.Build.0 = Release|Any CPU
	EndGlobalSection
	GlobalSection(SolutionProperties) = preSolution
		HideSolutionNode = FALSE
	EndGlobalSection
	GlobalSection(ExtensibilityGlobals) = postSolution
		SolutionGuid = {00E05849-841D-4E69-A287-E81C699A211A}
	EndGlobalSection
EndGlobal
